// !$*UTF8*$!
{
	archiveVersion = 1;
	classes = {
	};
	objectVersion = 50;
	objects = {

/* Begin PBXBuildFile section */
		1844F7B12451B5AC009820C5 /* XICDKNightVersionTextColorKeyOpt.m in Sources */ = {isa = PBXBuildFile; fileRef = 1844F7782451B5AC009820C5 /* XICDKNightVersionTextColorKeyOpt.m */; };
		1844F7B22451B5AC009820C5 /* XICDKNightVersionBackgroundColorOpt.m in Sources */ = {isa = PBXBuildFile; fileRef = 1844F7792451B5AC009820C5 /* XICDKNightVersionBackgroundColorOpt.m */; };
		1844F7B32451B5AC009820C5 /* XICDKNightVersionBackgroundColorKeyOpt.m in Sources */ = {isa = PBXBuildFile; fileRef = 1844F77B2451B5AC009820C5 /* XICDKNightVersionBackgroundColorKeyOpt.m */; };
		1844F7B42451B5AC009820C5 /* XICDKNightVersionTextColorOpt.m in Sources */ = {isa = PBXBuildFile; fileRef = 1844F77E2451B5AC009820C5 /* XICDKNightVersionTextColorOpt.m */; };
		1844F7B52451B5AC009820C5 /* XICDKColorPicker.m in Sources */ = {isa = PBXBuildFile; fileRef = 1844F7802451B5AC009820C5 /* XICDKColorPicker.m */; };
		1844F7B62451B5AC009820C5 /* XDDKNightVersionColorKeyArgs.m in Sources */ = {isa = PBXBuildFile; fileRef = 1844F7832451B5AC009820C5 /* XDDKNightVersionColorKeyArgs.m */; };
		1844F7B72451B5AC009820C5 /* XICDKNightVersionColorArgs.m in Sources */ = {isa = PBXBuildFile; fileRef = 1844F7842451B5AC009820C5 /* XICDKNightVersionColorArgs.m */; };
		1844F7B82451B5AC009820C5 /* XICDKNightVersionSDK.m in Sources */ = {isa = PBXBuildFile; fileRef = 1844F7862451B5AC009820C5 /* XICDKNightVersionSDK.m */; };
		1844F7B92451B5AC009820C5 /* XICDefined.m in Sources */ = {isa = PBXBuildFile; fileRef = 1844F78A2451B5AC009820C5 /* XICDefined.m */; };
		1844F7BA2451B5AC009820C5 /* XICCommand.m in Sources */ = {isa = PBXBuildFile; fileRef = 1844F78B2451B5AC009820C5 /* XICCommand.m */; };
		1844F7BB2451B5AC009820C5 /* Xib+XICSupport.m in Sources */ = {isa = PBXBuildFile; fileRef = 1844F78C2451B5AC009820C5 /* Xib+XICSupport.m */; };
		1844F7BC2451B5AC009820C5 /* XICDefaultSDK.m in Sources */ = {isa = PBXBuildFile; fileRef = 1844F7902451B5AC009820C5 /* XICDefaultSDK.m */; };
		1844F7BD2451B5AC009820C5 /* XICDefaultTxtColorOpt.m in Sources */ = {isa = PBXBuildFile; fileRef = 1844F7932451B5AC009820C5 /* XICDefaultTxtColorOpt.m */; };
		1844F7BE2451B5AC009820C5 /* XICDefaultBGColorOpt.m in Sources */ = {isa = PBXBuildFile; fileRef = 1844F7952451B5AC009820C5 /* XICDefaultBGColorOpt.m */; };
		1844F7BF2451B5AC009820C5 /* XICDefaultHiddenOpt.m in Sources */ = {isa = PBXBuildFile; fileRef = 1844F7962451B5AC009820C5 /* XICDefaultHiddenOpt.m */; };
		1844F7C02451B5AC009820C5 /* XICDefaultCornerOpt.m in Sources */ = {isa = PBXBuildFile; fileRef = 1844F7982451B5AC009820C5 /* XICDefaultCornerOpt.m */; };
		1844F7C12451B5AC009820C5 /* XICDefaultBorderOpt.m in Sources */ = {isa = PBXBuildFile; fileRef = 1844F79B2451B5AC009820C5 /* XICDefaultBorderOpt.m */; };
		1844F7C22451B5AC009820C5 /* XICDefaultFontOpt.m in Sources */ = {isa = PBXBuildFile; fileRef = 1844F79C2451B5AC009820C5 /* XICDefaultFontOpt.m */; };
		1844F7C32451B5AC009820C5 /* XICDefaultBorderArgs.m in Sources */ = {isa = PBXBuildFile; fileRef = 1844F7A12451B5AC009820C5 /* XICDefaultBorderArgs.m */; };
		1844F7C42451B5AC009820C5 /* XICDefaultColorArgs.m in Sources */ = {isa = PBXBuildFile; fileRef = 1844F7A32451B5AC009820C5 /* XICDefaultColorArgs.m */; };
		1844F7C52451B5AC009820C5 /* XICDefaultFontArgs.m in Sources */ = {isa = PBXBuildFile; fileRef = 1844F7A52451B5AC009820C5 /* XICDefaultFontArgs.m */; };
		1844F7C62451B5AC009820C5 /* XICDefaultCornerArgs.m in Sources */ = {isa = PBXBuildFile; fileRef = 1844F7A82451B5AC009820C5 /* XICDefaultCornerArgs.m */; };
		1844F7C72451B5AC009820C5 /* XICRuntimeWork.m in Sources */ = {isa = PBXBuildFile; fileRef = 1844F7AB2451B5AC009820C5 /* XICRuntimeWork.m */; };
		1844F7C82451B5AC009820C5 /* XICMethodsBox.m in Sources */ = {isa = PBXBuildFile; fileRef = 1844F7AE2451B5AC009820C5 /* XICMethodsBox.m */; };
		18B35339243E24140038DCEC /* AppDelegate.m in Sources */ = {isa = PBXBuildFile; fileRef = 18B35338243E24140038DCEC /* AppDelegate.m */; };
		18B3533C243E24140038DCEC /* ViewController.m in Sources */ = {isa = PBXBuildFile; fileRef = 18B3533B243E24140038DCEC /* ViewController.m */; };
		18B3533F243E24140038DCEC /* Main.storyboard in Resources */ = {isa = PBXBuildFile; fileRef = 18B3533D243E24140038DCEC /* Main.storyboard */; };
		18B35341243E24180038DCEC /* Assets.xcassets in Resources */ = {isa = PBXBuildFile; fileRef = 18B35340243E24180038DCEC /* Assets.xcassets */; };
		18B35344243E24180038DCEC /* LaunchScreen.storyboard in Resources */ = {isa = PBXBuildFile; fileRef = 18B35342243E24180038DCEC /* LaunchScreen.storyboard */; };
		18B35347243E24180038DCEC /* main.m in Sources */ = {isa = PBXBuildFile; fileRef = 18B35346243E24180038DCEC /* main.m */; };
/* End PBXBuildFile section */

/* Begin PBXFileReference section */
		1844F7742451B5AC009820C5 /* XICDKNightVersionDocument.h */ = {isa = PBXFileReference; fileEncoding = 4; lastKnownFileType = sourcecode.c.h; path = XICDKNightVersionDocument.h; sourceTree = "<group>"; };
		1844F7752451B5AC009820C5 /* XICDKColorPicker.h */ = {isa = PBXFileReference; fileEncoding = 4; lastKnownFileType = sourcecode.c.h; path = XICDKColorPicker.h; sourceTree = "<group>"; };
		1844F7762451B5AC009820C5 /* XICDKNightVersionSDK.h */ = {isa = PBXFileReference; fileEncoding = 4; lastKnownFileType = sourcecode.c.h; path = XICDKNightVersionSDK.h; sourceTree = "<group>"; };
		1844F7782451B5AC009820C5 /* XICDKNightVersionTextColorKeyOpt.m */ = {isa = PBXFileReference; fileEncoding = 4; lastKnownFileType = sourcecode.c.objc; path = XICDKNightVersionTextColorKeyOpt.m; sourceTree = "<group>"; };
		1844F7792451B5AC009820C5 /* XICDKNightVersionBackgroundColorOpt.m */ = {isa = PBXFileReference; fileEncoding = 4; lastKnownFileType = sourcecode.c.objc; path = XICDKNightVersionBackgroundColorOpt.m; sourceTree = "<group>"; };
		1844F77A2451B5AC009820C5 /* XICDKNightVersionTextColorOpt.h */ = {isa = PBXFileReference; fileEncoding = 4; lastKnownFileType = sourcecode.c.h; path = XICDKNightVersionTextColorOpt.h; sourceTree = "<group>"; };
		1844F77B2451B5AC009820C5 /* XICDKNightVersionBackgroundColorKeyOpt.m */ = {isa = PBXFileReference; fileEncoding = 4; lastKnownFileType = sourcecode.c.objc; path = XICDKNightVersionBackgroundColorKeyOpt.m; sourceTree = "<group>"; };
		1844F77C2451B5AC009820C5 /* XICDKNightVersionTextColorKeyOpt.h */ = {isa = PBXFileReference; fileEncoding = 4; lastKnownFileType = sourcecode.c.h; path = XICDKNightVersionTextColorKeyOpt.h; sourceTree = "<group>"; };
		1844F77D2451B5AC009820C5 /* XICDKNightVersionBackgroundColorKeyOpt.h */ = {isa = PBXFileReference; fileEncoding = 4; lastKnownFileType = sourcecode.c.h; path = XICDKNightVersionBackgroundColorKeyOpt.h; sourceTree = "<group>"; };
		1844F77E2451B5AC009820C5 /* XICDKNightVersionTextColorOpt.m */ = {isa = PBXFileReference; fileEncoding = 4; lastKnownFileType = sourcecode.c.objc; path = XICDKNightVersionTextColorOpt.m; sourceTree = "<group>"; };
		1844F77F2451B5AC009820C5 /* XICDKNightVersionBackgroundColorOpt.h */ = {isa = PBXFileReference; fileEncoding = 4; lastKnownFileType = sourcecode.c.h; path = XICDKNightVersionBackgroundColorOpt.h; sourceTree = "<group>"; };
		1844F7802451B5AC009820C5 /* XICDKColorPicker.m */ = {isa = PBXFileReference; fileEncoding = 4; lastKnownFileType = sourcecode.c.objc; path = XICDKColorPicker.m; sourceTree = "<group>"; };
		1844F7822451B5AC009820C5 /* XICDKNightVersionColorArgs.h */ = {isa = PBXFileReference; fileEncoding = 4; lastKnownFileType = sourcecode.c.h; path = XICDKNightVersionColorArgs.h; sourceTree = "<group>"; };
		1844F7832451B5AC009820C5 /* XDDKNightVersionColorKeyArgs.m */ = {isa = PBXFileReference; fileEncoding = 4; lastKnownFileType = sourcecode.c.objc; path = XDDKNightVersionColorKeyArgs.m; sourceTree = "<group>"; };
		1844F7842451B5AC009820C5 /* XICDKNightVersionColorArgs.m */ = {isa = PBXFileReference; fileEncoding = 4; lastKnownFileType = sourcecode.c.objc; path = XICDKNightVersionColorArgs.m; sourceTree = "<group>"; };
		1844F7852451B5AC009820C5 /* XDDKNightVersionColorKeyArgs.h */ = {isa = PBXFileReference; fileEncoding = 4; lastKnownFileType = sourcecode.c.h; path = XDDKNightVersionColorKeyArgs.h; sourceTree = "<group>"; };
		1844F7862451B5AC009820C5 /* XICDKNightVersionSDK.m */ = {isa = PBXFileReference; fileEncoding = 4; lastKnownFileType = sourcecode.c.objc; path = XICDKNightVersionSDK.m; sourceTree = "<group>"; };
		1844F7882451B5AC009820C5 /* Xib+XICSupport.h */ = {isa = PBXFileReference; fileEncoding = 4; lastKnownFileType = sourcecode.c.h; path = "Xib+XICSupport.h"; sourceTree = "<group>"; };
		1844F7892451B5AC009820C5 /* XICProtocols.h */ = {isa = PBXFileReference; fileEncoding = 4; lastKnownFileType = sourcecode.c.h; path = XICProtocols.h; sourceTree = "<group>"; };
		1844F78A2451B5AC009820C5 /* XICDefined.m */ = {isa = PBXFileReference; fileEncoding = 4; lastKnownFileType = sourcecode.c.objc; path = XICDefined.m; sourceTree = "<group>"; };
		1844F78B2451B5AC009820C5 /* XICCommand.m */ = {isa = PBXFileReference; fileEncoding = 4; lastKnownFileType = sourcecode.c.objc; path = XICCommand.m; sourceTree = "<group>"; };
		1844F78C2451B5AC009820C5 /* Xib+XICSupport.m */ = {isa = PBXFileReference; fileEncoding = 4; lastKnownFileType = sourcecode.c.objc; path = "Xib+XICSupport.m"; sourceTree = "<group>"; };
		1844F78D2451B5AC009820C5 /* XICDefined.h */ = {isa = PBXFileReference; fileEncoding = 4; lastKnownFileType = sourcecode.c.h; path = XICDefined.h; sourceTree = "<group>"; };
		1844F78E2451B5AC009820C5 /* XICCommand.h */ = {isa = PBXFileReference; fileEncoding = 4; lastKnownFileType = sourcecode.c.h; path = XICCommand.h; sourceTree = "<group>"; };
		1844F7902451B5AC009820C5 /* XICDefaultSDK.m */ = {isa = PBXFileReference; fileEncoding = 4; lastKnownFileType = sourcecode.c.objc; path = XICDefaultSDK.m; sourceTree = "<group>"; };
		1844F7922451B5AC009820C5 /* XICDefaultBorderOpt.h */ = {isa = PBXFileReference; fileEncoding = 4; lastKnownFileType = sourcecode.c.h; path = XICDefaultBorderOpt.h; sourceTree = "<group>"; };
		1844F7932451B5AC009820C5 /* XICDefaultTxtColorOpt.m */ = {isa = PBXFileReference; fileEncoding = 4; lastKnownFileType = sourcecode.c.objc; path = XICDefaultTxtColorOpt.m; sourceTree = "<group>"; };
		1844F7942451B5AC009820C5 /* XICDefaultCornerOpt.h */ = {isa = PBXFileReference; fileEncoding = 4; lastKnownFileType = sourcecode.c.h; path = XICDefaultCornerOpt.h; sourceTree = "<group>"; };
		1844F7952451B5AC009820C5 /* XICDefaultBGColorOpt.m */ = {isa = PBXFileReference; fileEncoding = 4; lastKnownFileType = sourcecode.c.objc; path = XICDefaultBGColorOpt.m; sourceTree = "<group>"; };
		1844F7962451B5AC009820C5 /* XICDefaultHiddenOpt.m */ = {isa = PBXFileReference; fileEncoding = 4; lastKnownFileType = sourcecode.c.objc; path = XICDefaultHiddenOpt.m; sourceTree = "<group>"; };
		1844F7972451B5AC009820C5 /* XICDefaultFontOpt.h */ = {isa = PBXFileReference; fileEncoding = 4; lastKnownFileType = sourcecode.c.h; path = XICDefaultFontOpt.h; sourceTree = "<group>"; };
		1844F7982451B5AC009820C5 /* XICDefaultCornerOpt.m */ = {isa = PBXFileReference; fileEncoding = 4; lastKnownFileType = sourcecode.c.objc; path = XICDefaultCornerOpt.m; sourceTree = "<group>"; };
		1844F7992451B5AC009820C5 /* XICDefaultBGColorOpt.h */ = {isa = PBXFileReference; fileEncoding = 4; lastKnownFileType = sourcecode.c.h; path = XICDefaultBGColorOpt.h; sourceTree = "<group>"; };
		1844F79A2451B5AC009820C5 /* XICDefaultTxtColorOpt.h */ = {isa = PBXFileReference; fileEncoding = 4; lastKnownFileType = sourcecode.c.h; path = XICDefaultTxtColorOpt.h; sourceTree = "<group>"; };
		1844F79B2451B5AC009820C5 /* XICDefaultBorderOpt.m */ = {isa = PBXFileReference; fileEncoding = 4; lastKnownFileType = sourcecode.c.objc; path = XICDefaultBorderOpt.m; sourceTree = "<group>"; };
		1844F79C2451B5AC009820C5 /* XICDefaultFontOpt.m */ = {isa = PBXFileReference; fileEncoding = 4; lastKnownFileType = sourcecode.c.objc; path = XICDefaultFontOpt.m; sourceTree = "<group>"; };
		1844F79D2451B5AC009820C5 /* XICDefaultHiddenOpt.h */ = {isa = PBXFileReference; fileEncoding = 4; lastKnownFileType = sourcecode.c.h; path = XICDefaultHiddenOpt.h; sourceTree = "<group>"; };
		1844F79E2451B5AC009820C5 /* XICDefaultDocument.h */ = {isa = PBXFileReference; fileEncoding = 4; lastKnownFileType = sourcecode.c.h; path = XICDefaultDocument.h; sourceTree = "<group>"; };
		1844F79F2451B5AC009820C5 /* XICDefaultSDK.h */ = {isa = PBXFileReference; fileEncoding = 4; lastKnownFileType = sourcecode.c.h; path = XICDefaultSDK.h; sourceTree = "<group>"; };
		1844F7A12451B5AC009820C5 /* XICDefaultBorderArgs.m */ = {isa = PBXFileReference; fileEncoding = 4; lastKnownFileType = sourcecode.c.objc; path = XICDefaultBorderArgs.m; sourceTree = "<group>"; };
		1844F7A22451B5AC009820C5 /* XICDefaultFontArgs.h */ = {isa = PBXFileReference; fileEncoding = 4; lastKnownFileType = sourcecode.c.h; path = XICDefaultFontArgs.h; sourceTree = "<group>"; };
		1844F7A32451B5AC009820C5 /* XICDefaultColorArgs.m */ = {isa = PBXFileReference; fileEncoding = 4; lastKnownFileType = sourcecode.c.objc; path = XICDefaultColorArgs.m; sourceTree = "<group>"; };
		1844F7A42451B5AC009820C5 /* XICDefaultCornerArgs.h */ = {isa = PBXFileReference; fileEncoding = 4; lastKnownFileType = sourcecode.c.h; path = XICDefaultCornerArgs.h; sourceTree = "<group>"; };
		1844F7A52451B5AC009820C5 /* XICDefaultFontArgs.m */ = {isa = PBXFileReference; fileEncoding = 4; lastKnownFileType = sourcecode.c.objc; path = XICDefaultFontArgs.m; sourceTree = "<group>"; };
		1844F7A62451B5AC009820C5 /* XICDefaultBorderArgs.h */ = {isa = PBXFileReference; fileEncoding = 4; lastKnownFileType = sourcecode.c.h; path = XICDefaultBorderArgs.h; sourceTree = "<group>"; };
		1844F7A72451B5AC009820C5 /* XICDefaultColorArgs.h */ = {isa = PBXFileReference; fileEncoding = 4; lastKnownFileType = sourcecode.c.h; path = XICDefaultColorArgs.h; sourceTree = "<group>"; };
		1844F7A82451B5AC009820C5 /* XICDefaultCornerArgs.m */ = {isa = PBXFileReference; fileEncoding = 4; lastKnownFileType = sourcecode.c.objc; path = XICDefaultCornerArgs.m; sourceTree = "<group>"; };
		1844F7AA2451B5AC009820C5 /* XICRuntimeWork.h */ = {isa = PBXFileReference; fileEncoding = 4; lastKnownFileType = sourcecode.c.h; path = XICRuntimeWork.h; sourceTree = "<group>"; };
		1844F7AB2451B5AC009820C5 /* XICRuntimeWork.m */ = {isa = PBXFileReference; fileEncoding = 4; lastKnownFileType = sourcecode.c.objc; path = XICRuntimeWork.m; sourceTree = "<group>"; };
		1844F7AD2451B5AC009820C5 /* XICMethodsBox.h */ = {isa = PBXFileReference; fileEncoding = 4; lastKnownFileType = sourcecode.c.h; path = XICMethodsBox.h; sourceTree = "<group>"; };
		1844F7AE2451B5AC009820C5 /* XICMethodsBox.m */ = {isa = PBXFileReference; fileEncoding = 4; lastKnownFileType = sourcecode.c.objc; path = XICMethodsBox.m; sourceTree = "<group>"; };
		1844F7AF2451B5AC009820C5 /* XICDocument.h */ = {isa = PBXFileReference; fileEncoding = 4; lastKnownFileType = sourcecode.c.h; path = XICDocument.h; sourceTree = "<group>"; };
		1844F7B02451B5AC009820C5 /* Info.plist */ = {isa = PBXFileReference; fileEncoding = 4; lastKnownFileType = text.plist.xml; path = Info.plist; sourceTree = "<group>"; };
		18B35334243E24140038DCEC /* XICLibTV.app */ = {isa = PBXFileReference; explicitFileType = wrapper.application; includeInIndex = 0; path = XICLibTV.app; sourceTree = BUILT_PRODUCTS_DIR; };
		18B35337243E24140038DCEC /* AppDelegate.h */ = {isa = PBXFileReference; lastKnownFileType = sourcecode.c.h; path = AppDelegate.h; sourceTree = "<group>"; };
		18B35338243E24140038DCEC /* AppDelegate.m */ = {isa = PBXFileReference; lastKnownFileType = sourcecode.c.objc; path = AppDelegate.m; sourceTree = "<group>"; };
		18B3533A243E24140038DCEC /* ViewController.h */ = {isa = PBXFileReference; lastKnownFileType = sourcecode.c.h; path = ViewController.h; sourceTree = "<group>"; };
		18B3533B243E24140038DCEC /* ViewController.m */ = {isa = PBXFileReference; lastKnownFileType = sourcecode.c.objc; path = ViewController.m; sourceTree = "<group>"; };
		18B3533E243E24140038DCEC /* Base */ = {isa = PBXFileReference; lastKnownFileType = file.storyboard; name = Base; path = Base.lproj/Main.storyboard; sourceTree = "<group>"; };
		18B35340243E24180038DCEC /* Assets.xcassets */ = {isa = PBXFileReference; lastKnownFileType = folder.assetcatalog; path = Assets.xcassets; sourceTree = "<group>"; };
		18B35343243E24180038DCEC /* Base */ = {isa = PBXFileReference; lastKnownFileType = file.storyboard; name = Base; path = Base.lproj/LaunchScreen.storyboard; sourceTree = "<group>"; };
		18B35345243E24180038DCEC /* Info.plist */ = {isa = PBXFileReference; lastKnownFileType = text.plist.xml; path = Info.plist; sourceTree = "<group>"; };
		18B35346243E24180038DCEC /* main.m */ = {isa = PBXFileReference; lastKnownFileType = sourcecode.c.objc; path = main.m; sourceTree = "<group>"; };
/* End PBXFileReference section */

/* Begin PBXFrameworksBuildPhase section */
		18B35331243E24140038DCEC /* Frameworks */ = {
			isa = PBXFrameworksBuildPhase;
			buildActionMask = 2147483647;
			files = (
			);
			runOnlyForDeploymentPostprocessing = 0;
		};
/* End PBXFrameworksBuildPhase section */

/* Begin PBXGroup section */
		1844F7712451B5AC009820C5 /* XICommand */ = {
			isa = PBXGroup;
			children = (
				1844F7722451B5AC009820C5 /* SDKs */,
				1844F7872451B5AC009820C5 /* Commons */,
				1844F78F2451B5AC009820C5 /* DefaultSDK */,
				1844F7A92451B5AC009820C5 /* Runtime */,
				1844F7AC2451B5AC009820C5 /* MethodsBox */,
				1844F7AF2451B5AC009820C5 /* XICDocument.h */,
				1844F7B02451B5AC009820C5 /* Info.plist */,
			);
			name = XICommand;
			path = ../../../XICommand;
			sourceTree = "<group>";
		};
		1844F7722451B5AC009820C5 /* SDKs */ = {
			isa = PBXGroup;
			children = (
				1844F7732451B5AC009820C5 /* DKNightVersion */,
			);
			path = SDKs;
			sourceTree = "<group>";
		};
		1844F7732451B5AC009820C5 /* DKNightVersion */ = {
			isa = PBXGroup;
			children = (
				1844F7742451B5AC009820C5 /* XICDKNightVersionDocument.h */,
				1844F7752451B5AC009820C5 /* XICDKColorPicker.h */,
				1844F7762451B5AC009820C5 /* XICDKNightVersionSDK.h */,
				1844F7772451B5AC009820C5 /* Option */,
				1844F7802451B5AC009820C5 /* XICDKColorPicker.m */,
				1844F7812451B5AC009820C5 /* Args */,
				1844F7862451B5AC009820C5 /* XICDKNightVersionSDK.m */,
			);
			path = DKNightVersion;
			sourceTree = "<group>";
		};
		1844F7772451B5AC009820C5 /* Option */ = {
			isa = PBXGroup;
			children = (
				1844F7782451B5AC009820C5 /* XICDKNightVersionTextColorKeyOpt.m */,
				1844F7792451B5AC009820C5 /* XICDKNightVersionBackgroundColorOpt.m */,
				1844F77A2451B5AC009820C5 /* XICDKNightVersionTextColorOpt.h */,
				1844F77B2451B5AC009820C5 /* XICDKNightVersionBackgroundColorKeyOpt.m */,
				1844F77C2451B5AC009820C5 /* XICDKNightVersionTextColorKeyOpt.h */,
				1844F77D2451B5AC009820C5 /* XICDKNightVersionBackgroundColorKeyOpt.h */,
				1844F77E2451B5AC009820C5 /* XICDKNightVersionTextColorOpt.m */,
				1844F77F2451B5AC009820C5 /* XICDKNightVersionBackgroundColorOpt.h */,
			);
			path = Option;
			sourceTree = "<group>";
		};
		1844F7812451B5AC009820C5 /* Args */ = {
			isa = PBXGroup;
			children = (
				1844F7822451B5AC009820C5 /* XICDKNightVersionColorArgs.h */,
				1844F7832451B5AC009820C5 /* XDDKNightVersionColorKeyArgs.m */,
				1844F7842451B5AC009820C5 /* XICDKNightVersionColorArgs.m */,
				1844F7852451B5AC009820C5 /* XDDKNightVersionColorKeyArgs.h */,
			);
			path = Args;
			sourceTree = "<group>";
		};
		1844F7872451B5AC009820C5 /* Commons */ = {
			isa = PBXGroup;
			children = (
				1844F7882451B5AC009820C5 /* Xib+XICSupport.h */,
				1844F7892451B5AC009820C5 /* XICProtocols.h */,
				1844F78A2451B5AC009820C5 /* XICDefined.m */,
				1844F78B2451B5AC009820C5 /* XICCommand.m */,
				1844F78C2451B5AC009820C5 /* Xib+XICSupport.m */,
				1844F78D2451B5AC009820C5 /* XICDefined.h */,
				1844F78E2451B5AC009820C5 /* XICCommand.h */,
			);
			path = Commons;
			sourceTree = "<group>";
		};
		1844F78F2451B5AC009820C5 /* DefaultSDK */ = {
			isa = PBXGroup;
			children = (
				1844F7902451B5AC009820C5 /* XICDefaultSDK.m */,
				1844F7912451B5AC009820C5 /* Option */,
				1844F79E2451B5AC009820C5 /* XICDefaultDocument.h */,
				1844F79F2451B5AC009820C5 /* XICDefaultSDK.h */,
				1844F7A02451B5AC009820C5 /* Args */,
			);
			path = DefaultSDK;
			sourceTree = "<group>";
		};
		1844F7912451B5AC009820C5 /* Option */ = {
			isa = PBXGroup;
			children = (
				1844F7922451B5AC009820C5 /* XICDefaultBorderOpt.h */,
				1844F7932451B5AC009820C5 /* XICDefaultTxtColorOpt.m */,
				1844F7942451B5AC009820C5 /* XICDefaultCornerOpt.h */,
				1844F7952451B5AC009820C5 /* XICDefaultBGColorOpt.m */,
				1844F7962451B5AC009820C5 /* XICDefaultHiddenOpt.m */,
				1844F7972451B5AC009820C5 /* XICDefaultFontOpt.h */,
				1844F7982451B5AC009820C5 /* XICDefaultCornerOpt.m */,
				1844F7992451B5AC009820C5 /* XICDefaultBGColorOpt.h */,
				1844F79A2451B5AC009820C5 /* XICDefaultTxtColorOpt.h */,
				1844F79B2451B5AC009820C5 /* XICDefaultBorderOpt.m */,
				1844F79C2451B5AC009820C5 /* XICDefaultFontOpt.m */,
				1844F79D2451B5AC009820C5 /* XICDefaultHiddenOpt.h */,
			);
			path = Option;
			sourceTree = "<group>";
		};
		1844F7A02451B5AC009820C5 /* Args */ = {
			isa = PBXGroup;
			children = (
				1844F7A12451B5AC009820C5 /* XICDefaultBorderArgs.m */,
				1844F7A22451B5AC009820C5 /* XICDefaultFontArgs.h */,
				1844F7A32451B5AC009820C5 /* XICDefaultColorArgs.m */,
				1844F7A42451B5AC009820C5 /* XICDefaultCornerArgs.h */,
				1844F7A52451B5AC009820C5 /* XICDefaultFontArgs.m */,
				1844F7A62451B5AC009820C5 /* XICDefaultBorderArgs.h */,
				1844F7A72451B5AC009820C5 /* XICDefaultColorArgs.h */,
				1844F7A82451B5AC009820C5 /* XICDefaultCornerArgs.m */,
			);
			path = Args;
			sourceTree = "<group>";
		};
		1844F7A92451B5AC009820C5 /* Runtime */ = {
			isa = PBXGroup;
			children = (
				1844F7AA2451B5AC009820C5 /* XICRuntimeWork.h */,
				1844F7AB2451B5AC009820C5 /* XICRuntimeWork.m */,
			);
			path = Runtime;
			sourceTree = "<group>";
		};
		1844F7AC2451B5AC009820C5 /* MethodsBox */ = {
			isa = PBXGroup;
			children = (
				1844F7AD2451B5AC009820C5 /* XICMethodsBox.h */,
				1844F7AE2451B5AC009820C5 /* XICMethodsBox.m */,
			);
			path = MethodsBox;
			sourceTree = "<group>";
		};
		18B3532B243E24140038DCEC = {
			isa = PBXGroup;
			children = (
				18B35336243E24140038DCEC /* XICLibTV */,
				18B35335243E24140038DCEC /* Products */,
			);
			sourceTree = "<group>";
		};
		18B35335243E24140038DCEC /* Products */ = {
			isa = PBXGroup;
			children = (
				18B35334243E24140038DCEC /* XICLibTV.app */,
			);
			name = Products;
			sourceTree = "<group>";
		};
		18B35336243E24140038DCEC /* XICLibTV */ = {
			isa = PBXGroup;
			children = (
				1844F7712451B5AC009820C5 /* XICommand */,
				18B35337243E24140038DCEC /* AppDelegate.h */,
				18B35338243E24140038DCEC /* AppDelegate.m */,
				18B3533A243E24140038DCEC /* ViewController.h */,
				18B3533B243E24140038DCEC /* ViewController.m */,
				18B3533D243E24140038DCEC /* Main.storyboard */,
				18B35340243E24180038DCEC /* Assets.xcassets */,
				18B35342243E24180038DCEC /* LaunchScreen.storyboard */,
				18B35345243E24180038DCEC /* Info.plist */,
				18B35346243E24180038DCEC /* main.m */,
			);
			path = XICLibTV;
			sourceTree = "<group>";
		};
/* End PBXGroup section */

/* Begin PBXNativeTarget section */
		18B35333243E24140038DCEC /* XICLibTV */ = {
			isa = PBXNativeTarget;
			buildConfigurationList = 18B3534A243E24180038DCEC /* Build configuration list for PBXNativeTarget "XICLibTV" */;
			buildPhases = (
				18B35330243E24140038DCEC /* Sources */,
				18B35331243E24140038DCEC /* Frameworks */,
				18B35332243E24140038DCEC /* Resources */,
			);
			buildRules = (
			);
			dependencies = (
			);
			name = XICLibTV;
			productName = XICLibTV;
			productReference = 18B35334243E24140038DCEC /* XICLibTV.app */;
			productType = "com.apple.product-type.application";
		};
/* End PBXNativeTarget section */

/* Begin PBXProject section */
		18B3532C243E24140038DCEC /* Project object */ = {
			isa = PBXProject;
			attributes = {
				LastUpgradeCheck = 1130;
				ORGANIZATIONNAME = Meterwhite;
				TargetAttributes = {
					18B35333243E24140038DCEC = {
						CreatedOnToolsVersion = 11.3.1;
					};
				};
			};
			buildConfigurationList = 18B3532F243E24140038DCEC /* Build configuration list for PBXProject "XICLibTV" */;
			compatibilityVersion = "Xcode 9.3";
			developmentRegion = en;
			hasScannedForEncodings = 0;
			knownRegions = (
				en,
				Base,
			);
			mainGroup = 18B3532B243E24140038DCEC;
			productRefGroup = 18B35335243E24140038DCEC /* Products */;
			projectDirPath = "";
			projectRoot = "";
			targets = (
				18B35333243E24140038DCEC /* XICLibTV */,
			);
		};
/* End PBXProject section */

/* Begin PBXResourcesBuildPhase section */
		18B35332243E24140038DCEC /* Resources */ = {
			isa = PBXResourcesBuildPhase;
			buildActionMask = 2147483647;
			files = (
				18B35344243E24180038DCEC /* LaunchScreen.storyboard in Resources */,
				18B35341243E24180038DCEC /* Assets.xcassets in Resources */,
				18B3533F243E24140038DCEC /* Main.storyboard in Resources */,
			);
			runOnlyForDeploymentPostprocessing = 0;
		};
/* End PBXResourcesBuildPhase section */

/* Begin PBXSourcesBuildPhase section */
		18B35330243E24140038DCEC /* Sources */ = {
			isa = PBXSourcesBuildPhase;
			buildActionMask = 2147483647;
			files = (
				1844F7B12451B5AC009820C5 /* XICDKNightVersionTextColorKeyOpt.m in Sources */,
				1844F7B42451B5AC009820C5 /* XICDKNightVersionTextColorOpt.m in Sources */,
				1844F7B62451B5AC009820C5 /* XDDKNightVersionColorKeyArgs.m in Sources */,
				18B3533C243E24140038DCEC /* ViewController.m in Sources */,
				18B35347243E24180038DCEC /* main.m in Sources */,
				1844F7C32451B5AC009820C5 /* XICDefaultBorderArgs.m in Sources */,
				1844F7C02451B5AC009820C5 /* XICDefaultCornerOpt.m in Sources */,
				1844F7BC2451B5AC009820C5 /* XICDefaultSDK.m in Sources */,
				1844F7C42451B5AC009820C5 /* XICDefaultColorArgs.m in Sources */,
				1844F7B32451B5AC009820C5 /* XICDKNightVersionBackgroundColorKeyOpt.m in Sources */,
				1844F7BB2451B5AC009820C5 /* Xib+XICSupport.m in Sources */,
				1844F7B92451B5AC009820C5 /* XICDefined.m in Sources */,
				1844F7C12451B5AC009820C5 /* XICDefaultBorderOpt.m in Sources */,
				1844F7BE2451B5AC009820C5 /* XICDefaultBGColorOpt.m in Sources */,
				1844F7BA2451B5AC009820C5 /* XICCommand.m in Sources */,
				1844F7B72451B5AC009820C5 /* XICDKNightVersionColorArgs.m in Sources */,
				1844F7B52451B5AC009820C5 /* XICDKColorPicker.m in Sources */,
				1844F7C82451B5AC009820C5 /* XICMethodsBox.m in Sources */,
				18B35339243E24140038DCEC /* AppDelegate.m in Sources */,
				1844F7C62451B5AC009820C5 /* XICDefaultCornerArgs.m in Sources */,
				1844F7BD2451B5AC009820C5 /* XICDefaultTxtColorOpt.m in Sources */,
				1844F7C72451B5AC009820C5 /* XICRuntimeWork.m in Sources */,
				1844F7B22451B5AC009820C5 /* XICDKNightVersionBackgroundColorOpt.m in Sources */,
				1844F7C52451B5AC009820C5 /* XICDefaultFontArgs.m in Sources */,
				1844F7BF2451B5AC009820C5 /* XICDefaultHiddenOpt.m in Sources */,
				1844F7B82451B5AC009820C5 /* XICDKNightVersionSDK.m in Sources */,
				1844F7C22451B5AC009820C5 /* XICDefaultFontOpt.m in Sources */,
			);
			runOnlyForDeploymentPostprocessing = 0;
		};
/* End PBXSourcesBuildPhase section */

/* Begin PBXVariantGroup section */
		18B3533D243E24140038DCEC /* Main.storyboard */ = {
			isa = PBXVariantGroup;
			children = (
				18B3533E243E24140038DCEC /* Base */,
			);
			name = Main.storyboard;
			sourceTree = "<group>";
		};
		18B35342243E24180038DCEC /* LaunchScreen.storyboard */ = {
			isa = PBXVariantGroup;
			children = (
				18B35343243E24180038DCEC /* Base */,
			);
			name = LaunchScreen.storyboard;
			sourceTree = "<group>";
		};
/* End PBXVariantGroup section */

/* Begin XCBuildConfiguration section */
		18B35348243E24180038DCEC /* Debug */ = {
			isa = XCBuildConfiguration;
			buildSettings = {
				ALWAYS_SEARCH_USER_PATHS = NO;
				CLANG_ANALYZER_NONNULL = YES;
				CLANG_ANALYZER_NUMBER_OBJECT_CONVERSION = YES_AGGRESSIVE;
				CLANG_CXX_LANGUAGE_STANDARD = "gnu++14";
				CLANG_CXX_LIBRARY = "libc++";
				CLANG_ENABLE_MODULES = YES;
				CLANG_ENABLE_OBJC_ARC = YES;
				CLANG_ENABLE_OBJC_WEAK = YES;
				CLANG_WARN_BLOCK_CAPTURE_AUTORELEASING = YES;
				CLANG_WARN_BOOL_CONVERSION = YES;
				CLANG_WARN_COMMA = YES;
				CLANG_WARN_CONSTANT_CONVERSION = YES;
				CLANG_WARN_DEPRECATED_OBJC_IMPLEMENTATIONS = YES;
				CLANG_WARN_DIRECT_OBJC_ISA_USAGE = YES_ERROR;
				CLANG_WARN_DOCUMENTATION_COMMENTS = YES;
				CLANG_WARN_EMPTY_BODY = YES;
				CLANG_WARN_ENUM_CONVERSION = YES;
				CLANG_WARN_INFINITE_RECURSION = YES;
				CLANG_WARN_INT_CONVERSION = YES;
				CLANG_WARN_NON_LITERAL_NULL_CONVERSION = YES;
				CLANG_WARN_OBJC_IMPLICIT_RETAIN_SELF = YES;
				CLANG_WARN_OBJC_LITERAL_CONVERSION = YES;
				CLANG_WARN_OBJC_ROOT_CLASS = YES_ERROR;
				CLANG_WARN_RANGE_LOOP_ANALYSIS = YES;
				CLANG_WARN_STRICT_PROTOTYPES = YES;
				CLANG_WARN_SUSPICIOUS_MOVE = YES;
				CLANG_WARN_UNGUARDED_AVAILABILITY = YES_AGGRESSIVE;
				CLANG_WARN_UNREACHABLE_CODE = YES;
				CLANG_WARN__DUPLICATE_METHOD_MATCH = YES;
				COPY_PHASE_STRIP = NO;
				DEBUG_INFORMATION_FORMAT = dwarf;
				ENABLE_STRICT_OBJC_MSGSEND = YES;
				ENABLE_TESTABILITY = YES;
				GCC_C_LANGUAGE_STANDARD = gnu11;
				GCC_DYNAMIC_NO_PIC = NO;
				GCC_NO_COMMON_BLOCKS = YES;
				GCC_OPTIMIZATION_LEVEL = 0;
				GCC_PREPROCESSOR_DEFINITIONS = (
					"DEBUG=1",
					"$(inherited)",
				);
				GCC_WARN_64_TO_32_BIT_CONVERSION = YES;
				GCC_WARN_ABOUT_RETURN_TYPE = YES_ERROR;
				GCC_WARN_UNDECLARED_SELECTOR = YES;
				GCC_WARN_UNINITIALIZED_AUTOS = YES_AGGRESSIVE;
				GCC_WARN_UNUSED_FUNCTION = YES;
				GCC_WARN_UNUSED_VARIABLE = YES;
				MTL_ENABLE_DEBUG_INFO = INCLUDE_SOURCE;
				MTL_FAST_MATH = YES;
				ONLY_ACTIVE_ARCH = YES;
				SDKROOT = appletvos;
				TVOS_DEPLOYMENT_TARGET = 13.2;
			};
			name = Debug;
		};
		18B35349243E24180038DCEC /* Release */ = {
			isa = XCBuildConfiguration;
			buildSettings = {
				ALWAYS_SEARCH_USER_PATHS = NO;
				CLANG_ANALYZER_NONNULL = YES;
				CLANG_ANALYZER_NUMBER_OBJECT_CONVERSION = YES_AGGRESSIVE;
				CLANG_CXX_LANGUAGE_STANDARD = "gnu++14";
				CLANG_CXX_LIBRARY = "libc++";
				CLANG_ENABLE_MODULES = YES;
				CLANG_ENABLE_OBJC_ARC = YES;
				CLANG_ENABLE_OBJC_WEAK = YES;
				CLANG_WARN_BLOCK_CAPTURE_AUTORELEASING = YES;
				CLANG_WARN_BOOL_CONVERSION = YES;
				CLANG_WARN_COMMA = YES;
				CLANG_WARN_CONSTANT_CONVERSION = YES;
				CLANG_WARN_DEPRECATED_OBJC_IMPLEMENTATIONS = YES;
				CLANG_WARN_DIRECT_OBJC_ISA_USAGE = YES_ERROR;
				CLANG_WARN_DOCUMENTATION_COMMENTS = YES;
				CLANG_WARN_EMPTY_BODY = YES;
				CLANG_WARN_ENUM_CONVERSION = YES;
				CLANG_WARN_INFINITE_RECURSION = YES;
				CLANG_WARN_INT_CONVERSION = YES;
				CLANG_WARN_NON_LITERAL_NULL_CONVERSION = YES;
				CLANG_WARN_OBJC_IMPLICIT_RETAIN_SELF = YES;
				CLANG_WARN_OBJC_LITERAL_CONVERSION = YES;
				CLANG_WARN_OBJC_ROOT_CLASS = YES_ERROR;
				CLANG_WARN_RANGE_LOOP_ANALYSIS = YES;
				CLANG_WARN_STRICT_PROTOTYPES = YES;
				CLANG_WARN_SUSPICIOUS_MOVE = YES;
				CLANG_WARN_UNGUARDED_AVAILABILITY = YES_AGGRESSIVE;
				CLANG_WARN_UNREACHABLE_CODE = YES;
				CLANG_WARN__DUPLICATE_METHOD_MATCH = YES;
				COPY_PHASE_STRIP = NO;
				DEBUG_INFORMATION_FORMAT = "dwarf-with-dsym";
				ENABLE_NS_ASSERTIONS = NO;
				ENABLE_STRICT_OBJC_MSGSEND = YES;
				GCC_C_LANGUAGE_STANDARD = gnu11;
				GCC_NO_COMMON_BLOCKS = YES;
				GCC_WARN_64_TO_32_BIT_CONVERSION = YES;
				GCC_WARN_ABOUT_RETURN_TYPE = YES_ERROR;
				GCC_WARN_UNDECLARED_SELECTOR = YES;
				GCC_WARN_UNINITIALIZED_AUTOS = YES_AGGRESSIVE;
				GCC_WARN_UNUSED_FUNCTION = YES;
				GCC_WARN_UNUSED_VARIABLE = YES;
				MTL_ENABLE_DEBUG_INFO = NO;
				MTL_FAST_MATH = YES;
				SDKROOT = appletvos;
				TVOS_DEPLOYMENT_TARGET = 13.2;
				VALIDATE_PRODUCT = YES;
			};
			name = Release;
		};
		18B3534B243E24180038DCEC /* Debug */ = {
			isa = XCBuildConfiguration;
			buildSettings = {
				ASSETCATALOG_COMPILER_APPICON_NAME = "App Icon & Top Shelf Image";
				CODE_SIGN_STYLE = Automatic;
				INFOPLIST_FILE = XICLibTV/Info.plist;
				LD_RUNPATH_SEARCH_PATHS = (
					"$(inherited)",
					"@executable_path/Frameworks",
				);
				PRODUCT_BUNDLE_IDENTIFIER = com.git.meterwhite.XICLibTV;
				PRODUCT_NAME = "$(TARGET_NAME)";
				TARGETED_DEVICE_FAMILY = 3;
				TVOS_DEPLOYMENT_TARGET = 9.0;
			};
			name = Debug;
		};
		18B3534C243E24180038DCEC /* Release */ = {
			isa = XCBuildConfiguration;
			buildSettings = {
				ASSETCATALOG_COMPILER_APPICON_NAME = "App Icon & Top Shelf Image";
				CODE_SIGN_STYLE = Automatic;
				INFOPLIST_FILE = XICLibTV/Info.plist;
				LD_RUNPATH_SEARCH_PATHS = (
					"$(inherited)",
					"@executable_path/Frameworks",
				);
				PRODUCT_BUNDLE_IDENTIFIER = com.git.meterwhite.XICLibTV;
				PRODUCT_NAME = "$(TARGET_NAME)";
				TARGETED_DEVICE_FAMILY = 3;
				TVOS_DEPLOYMENT_TARGET = 9.0;
			};
			name = Release;
		};
/* End XCBuildConfiguration section */

/* Begin XCConfigurationList section */
		18B3532F243E24140038DCEC /* Build configuration list for PBXProject "XICLibTV" */ = {
			isa = XCConfigurationList;
			buildConfigurations = (
				18B35348243E24180038DCEC /* Debug */,
				18B35349243E24180038DCEC /* Release */,
			);
			defaultConfigurationIsVisible = 0;
			defaultConfigurationName = Release;
		};
		18B3534A243E24180038DCEC /* Build configuration list for PBXNativeTarget "XICLibTV" */ = {
			isa = XCConfigurationList;
			buildConfigurations = (
				18B3534B243E24180038DCEC /* Debug */,
				18B3534C243E24180038DCEC /* Release */,
			);
			defaultConfigurationIsVisible = 0;
			defaultConfigurationName = Release;
		};
/* End XCConfigurationList section */
	};
	rootObject = 18B3532C243E24140038DCEC /* Project object */;
}
